{
  "version": 4,
  "terraform_version": "1.9.6",
  "serial": 48,
  "lineage": "4f2d23d7-115d-c46a-7c20-767c08989e58",
  "outputs": {
    "bucket_name": {
      "value": "ipropertyexpress-tfstates",
      "type": "string"
    },
    "dynamodb_table_name": {
      "value": "ipropertyexpress-tfstates-locktable",
      "type": "string"
    }
  },
  "resources": [
    {
      "module": "module.init",
      "mode": "data",
      "type": "aws_caller_identity",
      "name": "current",
      "provider": "provider[\"registry.terraform.io/hashicorp/aws\"]",
      "instances": [
        {
          "schema_version": 0,
          "attributes": {
            "account_id": "539247459406",
            "arn": "arn:aws:iam::539247459406:user/henry-stage-us",
            "id": "539247459406",
            "user_id": "AIDAX3DNHHRHHNYRVMMIN"
          },
          "sensitive_attributes": []
        }
      ]
    },
    {
      "module": "module.init",
      "mode": "data",
      "type": "aws_iam_policy_document",
      "name": "this",
      "provider": "provider[\"registry.terraform.io/hashicorp/aws\"]",
      "instances": [
        {
          "schema_version": 0,
          "attributes": {
            "id": "185097806",
            "json": "{\n  \"Version\": \"2012-10-17\",\n  \"Statement\": [\n    {\n      \"Sid\": \"AllowAccessToTerraformStatesBucket\",\n      \"Effect\": \"Allow\",\n      \"Action\": [\n        \"s3:PutEncryptionConfiguration\",\n        \"s3:PutBucketVersioning\",\n        \"s3:PutBucketPublicAccessBlock\",\n        \"s3:PutBucketPolicy\",\n        \"s3:PutBucketOwnershipControls\",\n        \"s3:ListBucket\",\n        \"s3:GetEncryptionConfiguration\",\n        \"s3:GetBucketVersioning\",\n        \"s3:GetBucketPublicAccessBlock\",\n        \"s3:GetBucketPolicy\",\n        \"s3:CreateBucket\"\n      ],\n      \"Resource\": \"arn:aws:s3:::ipropertyexpress-tfstates\"\n    },\n    {\n      \"Sid\": \"AllowAccessToTerraformStatesFile\",\n      \"Effect\": \"Allow\",\n      \"Action\": [\n        \"s3:PutObject\",\n        \"s3:GetObject\"\n      ],\n      \"Resource\": \"arn:aws:s3:::ipropertyexpress-tfstates/*\"\n    },\n    {\n      \"Sid\": \"AllowAccessToTerraformStatesLockTable\",\n      \"Effect\": \"Allow\",\n      \"Action\": [\n        \"dynamodb:PutItem\",\n        \"dynamodb:GetItem\",\n        \"dynamodb:DescribeTable\",\n        \"dynamodb:DeleteItem\",\n        \"dynamodb:CreateTable\"\n      ],\n      \"Resource\": \"arn:aws:dynamodb:us-west-2:539247459406:table/ipropertyexpress-tfstates-locktable\"\n    },\n    {\n      \"Sid\": \"AllowAssumeRole\",\n      \"Effect\": \"Allow\",\n      \"Action\": \"sts:AssumeRole\",\n      \"Resource\": \"*\"\n    }\n  ]\n}",
            "minified_json": "{\"Version\":\"2012-10-17\",\"Statement\":[{\"Sid\":\"AllowAccessToTerraformStatesBucket\",\"Effect\":\"Allow\",\"Action\":[\"s3:PutEncryptionConfiguration\",\"s3:PutBucketVersioning\",\"s3:PutBucketPublicAccessBlock\",\"s3:PutBucketPolicy\",\"s3:PutBucketOwnershipControls\",\"s3:ListBucket\",\"s3:GetEncryptionConfiguration\",\"s3:GetBucketVersioning\",\"s3:GetBucketPublicAccessBlock\",\"s3:GetBucketPolicy\",\"s3:CreateBucket\"],\"Resource\":\"arn:aws:s3:::ipropertyexpress-tfstates\"},{\"Sid\":\"AllowAccessToTerraformStatesFile\",\"Effect\":\"Allow\",\"Action\":[\"s3:PutObject\",\"s3:GetObject\"],\"Resource\":\"arn:aws:s3:::ipropertyexpress-tfstates/*\"},{\"Sid\":\"AllowAccessToTerraformStatesLockTable\",\"Effect\":\"Allow\",\"Action\":[\"dynamodb:PutItem\",\"dynamodb:GetItem\",\"dynamodb:DescribeTable\",\"dynamodb:DeleteItem\",\"dynamodb:CreateTable\"],\"Resource\":\"arn:aws:dynamodb:us-west-2:539247459406:table/ipropertyexpress-tfstates-locktable\"},{\"Sid\":\"AllowAssumeRole\",\"Effect\":\"Allow\",\"Action\":\"sts:AssumeRole\",\"Resource\":\"*\"}]}",
            "override_json": null,
            "override_policy_documents": null,
            "policy_id": null,
            "source_json": null,
            "source_policy_documents": null,
            "statement": [
              {
                "actions": [
                  "s3:CreateBucket",
                  "s3:GetBucketPolicy",
                  "s3:GetBucketPublicAccessBlock",
                  "s3:GetBucketVersioning",
                  "s3:GetEncryptionConfiguration",
                  "s3:ListBucket",
                  "s3:PutBucketOwnershipControls",
                  "s3:PutBucketPolicy",
                  "s3:PutBucketPublicAccessBlock",
                  "s3:PutBucketVersioning",
                  "s3:PutEncryptionConfiguration"
                ],
                "condition": [],
                "effect": "Allow",
                "not_actions": [],
                "not_principals": [],
                "not_resources": [],
                "principals": [],
                "resources": [
                  "arn:aws:s3:::ipropertyexpress-tfstates"
                ],
                "sid": "AllowAccessToTerraformStatesBucket"
              },
              {
                "actions": [
                  "s3:GetObject",
                  "s3:PutObject"
                ],
                "condition": [],
                "effect": "Allow",
                "not_actions": [],
                "not_principals": [],
                "not_resources": [],
                "principals": [],
                "resources": [
                  "arn:aws:s3:::ipropertyexpress-tfstates/*"
                ],
                "sid": "AllowAccessToTerraformStatesFile"
              },
              {
                "actions": [
                  "dynamodb:CreateTable",
                  "dynamodb:DeleteItem",
                  "dynamodb:DescribeTable",
                  "dynamodb:GetItem",
                  "dynamodb:PutItem"
                ],
                "condition": [],
                "effect": "Allow",
                "not_actions": [],
                "not_principals": [],
                "not_resources": [],
                "principals": [],
                "resources": [
                  "arn:aws:dynamodb:us-west-2:539247459406:table/ipropertyexpress-tfstates-locktable"
                ],
                "sid": "AllowAccessToTerraformStatesLockTable"
              },
              {
                "actions": [
                  "sts:AssumeRole"
                ],
                "condition": [],
                "effect": "Allow",
                "not_actions": [],
                "not_principals": [],
                "not_resources": [],
                "principals": [],
                "resources": [
                  "*"
                ],
                "sid": "AllowAssumeRole"
              }
            ],
            "version": "2012-10-17"
          },
          "sensitive_attributes": []
        }
      ]
    },
    {
      "module": "module.init",
      "mode": "data",
      "type": "aws_partition",
      "name": "current",
      "provider": "provider[\"registry.terraform.io/hashicorp/aws\"]",
      "instances": [
        {
          "schema_version": 0,
          "attributes": {
            "dns_suffix": "amazonaws.com",
            "id": "aws",
            "partition": "aws",
            "reverse_dns_prefix": "com.amazonaws"
          },
          "sensitive_attributes": []
        }
      ]
    },
    {
      "module": "module.init",
      "mode": "data",
      "type": "aws_region",
      "name": "current",
      "provider": "provider[\"registry.terraform.io/hashicorp/aws\"]",
      "instances": [
        {
          "schema_version": 0,
          "attributes": {
            "description": "US West (Oregon)",
            "endpoint": "ec2.us-west-2.amazonaws.com",
            "id": "us-west-2",
            "name": "us-west-2"
          },
          "sensitive_attributes": []
        }
      ]
    },
    {
      "module": "module.init",
      "mode": "managed",
      "type": "aws_dynamodb_table",
      "name": "this",
      "provider": "provider[\"registry.terraform.io/hashicorp/aws\"]",
      "instances": [
        {
          "schema_version": 1,
          "attributes": {
            "arn": "arn:aws:dynamodb:us-west-2:539247459406:table/ipropertyexpress-tfstates-locktable",
            "attribute": [
              {
                "name": "LockID",
                "type": "S"
              }
            ],
            "billing_mode": "PROVISIONED",
            "deletion_protection_enabled": false,
            "global_secondary_index": [],
            "hash_key": "LockID",
            "id": "ipropertyexpress-tfstates-locktable",
            "import_table": [],
            "local_secondary_index": [],
            "name": "ipropertyexpress-tfstates-locktable",
            "on_demand_throughput": [],
            "point_in_time_recovery": [
              {
                "enabled": true
              }
            ],
            "range_key": null,
            "read_capacity": 1,
            "replica": [],
            "restore_date_time": null,
            "restore_source_name": null,
            "restore_source_table_arn": null,
            "restore_to_latest_time": null,
            "server_side_encryption": [],
            "stream_arn": "",
            "stream_enabled": false,
            "stream_label": "",
            "stream_view_type": "",
            "table_class": "STANDARD",
            "tags": {
              "Name": "ipropertyexpress-tfstates",
              "deploy:by": "terraform",
              "deploy:repository": "ie-infra/ie-infra-aws-us",
              "terraform:module": "init"
            },
            "tags_all": {
              "Name": "ipropertyexpress-tfstates",
              "deploy:by": "terraform",
              "deploy:repository": "ie-infra/ie-infra-aws-us",
              "terraform:module": "init"
            },
            "timeouts": null,
            "ttl": [
              {
                "attribute_name": "",
                "enabled": false
              }
            ],
            "write_capacity": 1
          },
          "sensitive_attributes": [],
          "private": "eyJlMmJmYjczMC1lY2FhLTExZTYtOGY4OC0zNDM2M2JjN2M0YzAiOnsiY3JlYXRlIjoxODAwMDAwMDAwMDAwLCJkZWxldGUiOjYwMDAwMDAwMDAwMCwidXBkYXRlIjozNjAwMDAwMDAwMDAwfSwic2NoZW1hX3ZlcnNpb24iOiIxIn0="
        }
      ]
    },
    {
      "module": "module.init",
      "mode": "managed",
      "type": "aws_iam_policy",
      "name": "this",
      "provider": "provider[\"registry.terraform.io/hashicorp/aws\"]",
      "instances": [
        {
          "schema_version": 0,
          "attributes": {
            "arn": "arn:aws:iam::539247459406:policy/RootDeployerPolicy",
            "attachment_count": 1,
            "description": "",
            "id": "arn:aws:iam::539247459406:policy/RootDeployerPolicy",
            "name": "RootDeployerPolicy",
            "name_prefix": "",
            "path": "/",
            "policy": "{\"Statement\":[{\"Action\":[\"s3:PutEncryptionConfiguration\",\"s3:PutBucketVersioning\",\"s3:PutBucketPublicAccessBlock\",\"s3:PutBucketPolicy\",\"s3:PutBucketOwnershipControls\",\"s3:ListBucket\",\"s3:GetEncryptionConfiguration\",\"s3:GetBucketVersioning\",\"s3:GetBucketPublicAccessBlock\",\"s3:GetBucketPolicy\",\"s3:CreateBucket\"],\"Effect\":\"Allow\",\"Resource\":\"arn:aws:s3:::ipropertyexpress-tfstates\",\"Sid\":\"AllowAccessToTerraformStatesBucket\"},{\"Action\":[\"s3:PutObject\",\"s3:GetObject\"],\"Effect\":\"Allow\",\"Resource\":\"arn:aws:s3:::ipropertyexpress-tfstates/*\",\"Sid\":\"AllowAccessToTerraformStatesFile\"},{\"Action\":[\"dynamodb:PutItem\",\"dynamodb:GetItem\",\"dynamodb:DescribeTable\",\"dynamodb:DeleteItem\",\"dynamodb:CreateTable\"],\"Effect\":\"Allow\",\"Resource\":\"arn:aws:dynamodb:us-west-2:539247459406:table/ipropertyexpress-tfstates-locktable\",\"Sid\":\"AllowAccessToTerraformStatesLockTable\"},{\"Action\":\"sts:AssumeRole\",\"Effect\":\"Allow\",\"Resource\":\"*\",\"Sid\":\"AllowAssumeRole\"}],\"Version\":\"2012-10-17\"}",
            "policy_id": "ANPAX3DNHHRHP5TW7ZHV4",
            "tags": {
              "deploy:by": "terraform",
              "deploy:repository": "ie-infra/ie-infra-aws-us",
              "terraform:module": "init"
            },
            "tags_all": {
              "deploy:by": "terraform",
              "deploy:repository": "ie-infra/ie-infra-aws-us",
              "terraform:module": "init"
            }
          },
          "sensitive_attributes": [],
          "private": "bnVsbA==",
          "dependencies": [
            "module.init.aws_dynamodb_table.this",
            "module.init.aws_s3_bucket.this",
            "module.init.data.aws_iam_policy_document.this"
          ]
        }
      ]
    },
    {
      "module": "module.init",
      "mode": "managed",
      "type": "aws_iam_user",
      "name": "this",
      "provider": "provider[\"registry.terraform.io/hashicorp/aws\"]",
      "instances": [
        {
          "schema_version": 0,
          "attributes": {
            "arn": "arn:aws:iam::539247459406:user/RootDeployer",
            "force_destroy": false,
            "id": "RootDeployer",
            "name": "RootDeployer",
            "path": "/",
            "permissions_boundary": "",
            "tags": {
              "deploy:by": "terraform",
              "deploy:repository": "ie-infra/ie-infra-aws-us",
              "terraform:module": "init"
            },
            "tags_all": {
              "deploy:by": "terraform",
              "deploy:repository": "ie-infra/ie-infra-aws-us",
              "terraform:module": "init"
            },
            "unique_id": "AIDAX3DNHHRHOCZ5YQ27C"
          },
          "sensitive_attributes": [],
          "private": "bnVsbA=="
        }
      ]
    },
    {
      "module": "module.init",
      "mode": "managed",
      "type": "aws_iam_user_policy_attachment",
      "name": "this",
      "provider": "provider[\"registry.terraform.io/hashicorp/aws\"]",
      "instances": [
        {
          "schema_version": 0,
          "attributes": {
            "id": "RootDeployer-20250104081746725600000001",
            "policy_arn": "arn:aws:iam::539247459406:policy/RootDeployerPolicy",
            "user": "RootDeployer"
          },
          "sensitive_attributes": [],
          "private": "bnVsbA==",
          "dependencies": [
            "module.init.aws_dynamodb_table.this",
            "module.init.aws_iam_policy.this",
            "module.init.aws_iam_user.this",
            "module.init.aws_s3_bucket.this",
            "module.init.data.aws_iam_policy_document.this"
          ]
        }
      ]
    },
    {
      "module": "module.init",
      "mode": "managed",
      "type": "aws_s3_bucket",
      "name": "this",
      "provider": "provider[\"registry.terraform.io/hashicorp/aws\"]",
      "instances": [
        {
          "schema_version": 0,
          "attributes": {
            "acceleration_status": "",
            "acl": null,
            "arn": "arn:aws:s3:::ipropertyexpress-tfstates",
            "bucket": "ipropertyexpress-tfstates",
            "bucket_domain_name": "ipropertyexpress-tfstates.s3.amazonaws.com",
            "bucket_prefix": "",
            "bucket_regional_domain_name": "ipropertyexpress-tfstates.s3.us-west-2.amazonaws.com",
            "cors_rule": [],
            "force_destroy": false,
            "grant": [
              {
                "id": "c2b14602336c4e609129e27c7c28d8b792f116dcdffdd417249876bbe86e4fd4",
                "permissions": [
                  "FULL_CONTROL"
                ],
                "type": "CanonicalUser",
                "uri": ""
              }
            ],
            "hosted_zone_id": "Z3BJ6K6RIION7M",
            "id": "ipropertyexpress-tfstates",
            "lifecycle_rule": [],
            "logging": [],
            "object_lock_configuration": [],
            "object_lock_enabled": false,
            "policy": "",
            "region": "us-west-2",
            "replication_configuration": [],
            "request_payer": "BucketOwner",
            "server_side_encryption_configuration": [
              {
                "rule": [
                  {
                    "apply_server_side_encryption_by_default": [
                      {
                        "kms_master_key_id": "",
                        "sse_algorithm": "AES256"
                      }
                    ],
                    "bucket_key_enabled": false
                  }
                ]
              }
            ],
            "tags": {
              "Name": "ipropertyexpress-tfstates",
              "deploy:by": "terraform",
              "deploy:repository": "ie-infra/ie-infra-aws-us",
              "terraform:module": "init"
            },
            "tags_all": {
              "Name": "ipropertyexpress-tfstates",
              "deploy:by": "terraform",
              "deploy:repository": "ie-infra/ie-infra-aws-us",
              "terraform:module": "init"
            },
            "timeouts": null,
            "versioning": [
              {
                "enabled": true,
                "mfa_delete": false
              }
            ],
            "website": [],
            "website_domain": null,
            "website_endpoint": null
          },
          "sensitive_attributes": [],
          "private": "eyJlMmJmYjczMC1lY2FhLTExZTYtOGY4OC0zNDM2M2JjN2M0YzAiOnsiY3JlYXRlIjoxMjAwMDAwMDAwMDAwLCJkZWxldGUiOjM2MDAwMDAwMDAwMDAsInJlYWQiOjEyMDAwMDAwMDAwMDAsInVwZGF0ZSI6MTIwMDAwMDAwMDAwMH19"
        }
      ]
    },
    {
      "module": "module.init",
      "mode": "managed",
      "type": "aws_s3_bucket_public_access_block",
      "name": "this",
      "provider": "provider[\"registry.terraform.io/hashicorp/aws\"]",
      "instances": [
        {
          "schema_version": 0,
          "attributes": {
            "block_public_acls": true,
            "block_public_policy": true,
            "bucket": "ipropertyexpress-tfstates",
            "id": "ipropertyexpress-tfstates",
            "ignore_public_acls": true,
            "restrict_public_buckets": true
          },
          "sensitive_attributes": [],
          "private": "bnVsbA==",
          "dependencies": [
            "module.init.aws_s3_bucket.this"
          ]
        }
      ]
    },
    {
      "module": "module.init",
      "mode": "managed",
      "type": "aws_s3_bucket_versioning",
      "name": "this",
      "provider": "provider[\"registry.terraform.io/hashicorp/aws\"]",
      "instances": [
        {
          "schema_version": 0,
          "attributes": {
            "bucket": "ipropertyexpress-tfstates",
            "expected_bucket_owner": "",
            "id": "ipropertyexpress-tfstates",
            "mfa": null,
            "versioning_configuration": [
              {
                "mfa_delete": "",
                "status": "Enabled"
              }
            ]
          },
          "sensitive_attributes": [],
          "private": "bnVsbA==",
          "dependencies": [
            "module.init.aws_s3_bucket.this"
          ]
        }
      ]
    }
  ],
  "check_results": null
}
